
Microsoft Visual Studio Solution File, Format Version 12.00
# Visual Studio Version 17
VisualStudioVersion = 17.4.33213.308
MinimumVisualStudioVersion = 10.0.40219.1
Project("{FAE04EC0-301F-11D3-BF4B-00C04F79EFBC}") = "StatePattern_1262774", "StatePattern_1262774\StatePattern_1262774.csproj", "{79AF5A8C-B30F-408A-B6B5-BFA9C8C344C0}"
EndProject
Global
	GlobalSection(SolutionConfigurationPlatforms) = preSolution
		Debug|Any CPU = Debug|Any CPU
		Release|Any CPU = Release|Any CPU
	EndGlobalSection
	GlobalSection(ProjectConfigurationPlatforms) = postSolution
		{79AF5A8C-B30F-408A-B6B5-BFA9C8C344C0}.Debug|Any CPU.ActiveCfg = Debug|Any CPU
		{79AF5A8C-B30F-408A-B6B5-BFA9C8C344C0}.Debug|Any CPU.Build.0 = Debug|Any CPU
		{79AF5A8C-B30F-408A-B6B5-BFA9C8C344C0}.Release|Any CPU.ActiveCfg = Release|Any CPU
		{79AF5A8C-B30F-408A-B6B5-BFA9C8C344C0}.Release|Any CPU.Build.0 = Release|Any CPU
	EndGlobalSection
	GlobalSection(SolutionProperties) = preSolution
		HideSolutionNode = FALSE
	EndGlobalSection
	GlobalSection(ExtensibilityGlobals) = postSolution
		SolutionGuid = {1176BE9C-DF55-4640-8A58-F5A8AC783AA2}
	EndGlobalSection
EndGlobal
